<?xml version="1.0" encoding="utf-8"?>
<Project ToolsVersion="14.0" xmlns="http://schemas.microsoft.com/developer/msbuild/2003">
  <ItemGroup>
    <ClCompile Include="C:\Git\cjet\src\alloc.c">
      <Filter>Source Files</Filter>
    </ClCompile>
    <ClCompile Include="C:\Git\cjet\src\authenticate.c">
      <Filter>Source Files</Filter>
    </ClCompile>
    <ClCompile Include="C:\Git\cjet\src\base64.c">
      <Filter>Source Files</Filter>
    </ClCompile>
    <ClCompile Include="C:\Git\cjet\src\buffered_socket.c">
      <Filter>Source Files</Filter>
    </ClCompile>
    <ClCompile Include="C:\Git\cjet\src\config.c">
      <Filter>Source Files</Filter>
    </ClCompile>
    <ClCompile Include="C:\Git\cjet\src\element.c">
      <Filter>Source Files</Filter>
    </ClCompile>
    <ClCompile Include="C:\Git\cjet\src\fetch.c">
      <Filter>Source Files</Filter>
    </ClCompile>
    <ClCompile Include="C:\Git\cjet\src\groups.c">
      <Filter>Source Files</Filter>
    </ClCompile>
    <ClCompile Include="C:\Git\cjet\src\http_connection.c">
      <Filter>Source Files</Filter>
    </ClCompile>
    <ClCompile Include="C:\Git\cjet\src\http_server.c">
      <Filter>Source Files</Filter>
    </ClCompile>
    <ClCompile Include="C:\Git\cjet\src\info.c">
      <Filter>Source Files</Filter>
    </ClCompile>
    <ClCompile Include="C:\Git\cjet\src\jet_string.c">
      <Filter>Source Files</Filter>
    </ClCompile>
    <ClCompile Include="C:\Git\cjet\src\parse.c">
      <Filter>Source Files</Filter>
    </ClCompile>
    <ClCompile Include="C:\Git\cjet\src\peer.c">
      <Filter>Source Files</Filter>
    </ClCompile>
    <ClCompile Include="C:\Git\cjet\src\response.c">
      <Filter>Source Files</Filter>
    </ClCompile>
    <ClCompile Include="C:\Git\cjet\src\router.c">
      <Filter>Source Files</Filter>
    </ClCompile>
    <ClCompile Include="C:\Git\cjet\src\socket_peer.c">
      <Filter>Source Files</Filter>
    </ClCompile>
    <ClCompile Include="C:\Git\cjet\src\table.c">
      <Filter>Source Files</Filter>
    </ClCompile>
    <ClCompile Include="C:\Git\cjet\src\timer.c">
      <Filter>Source Files</Filter>
    </ClCompile>
    <ClCompile Include="C:\Git\cjet\src\websocket.c">
      <Filter>Source Files</Filter>
    </ClCompile>
    <ClCompile Include="C:\Git\cjet\src\websocket_peer.c">
      <Filter>Source Files</Filter>
    </ClCompile>
    <ClCompile Include="C:\Git\cjet\src\json\cJSON.c">
      <Filter>Source Files\json</Filter>
    </ClCompile>
    <ClCompile Include="C:\Git\cjet\src\http-parser\http_parser.c">
      <Filter>Source Files\http-parser</Filter>
    </ClCompile>
    <ClCompile Include="C:\Git\cjet\src\sha1\sha1.c">
      <Filter>Source Files\sha1</Filter>
    </ClCompile>
    <ClCompile Include="..\..\src\windows\posix\auth_file.c">
      <Filter>Source Files\windows\posix</Filter>
    </ClCompile>
    <ClCompile Include="..\..\src\windows\posix\main.c">
      <Filter>Source Files\windows\posix</Filter>
    </ClCompile>
    <ClCompile Include="..\..\src\windows\posix\socket.c">
      <Filter>Source Files\windows\posix</Filter>
    </ClCompile>
    <ClCompile Include="..\..\src\windows\eventloop_epoll.c">
      <Filter>Source Files\windows</Filter>
    </ClCompile>
    <ClCompile Include="..\..\src\windows\getopt.c">
      <Filter>Source Files\windows</Filter>
    </ClCompile>
    <ClCompile Include="..\..\src\windows\jet_endian.c">
      <Filter>Source Files\windows</Filter>
    </ClCompile>
    <ClCompile Include="..\..\src\windows\memmem.c">
      <Filter>Source Files\windows</Filter>
    </ClCompile>
    <ClCompile Include="..\..\src\windows\mman.c">
      <Filter>Source Files\windows</Filter>
    </ClCompile>
    <ClCompile Include="..\..\src\windows\random.c">
      <Filter>Source Files\windows</Filter>
    </ClCompile>
    <ClCompile Include="..\..\src\windows\strcasestr.c">
      <Filter>Source Files\windows</Filter>
    </ClCompile>
    <ClCompile Include="..\..\src\windows\syslogc.c">
      <Filter>Source Files\windows</Filter>
    </ClCompile>
    <ClCompile Include="..\..\src\windows\timer_windows.c">
      <Filter>Source Files\windows</Filter>
    </ClCompile>
    <ClCompile Include="..\..\src\windows\windows_io.c">
      <Filter>Source Files\windows</Filter>
    </ClCompile>
    <ClCompile Include="..\..\src\windows\jet_string.c">
      <Filter>Source Files\windows</Filter>
    </ClCompile>
    <ClCompile Include="..\..\src\windows\uio.c">
      <Filter>Source Files\windows</Filter>
    </ClCompile>
    <ClCompile Include="..\..\src\windows\epoll.c">
      <Filter>Source Files\windows</Filter>
    </ClCompile>
  </ItemGroup>
  <ItemGroup>
    <CustomBuild Include="C:\Git\cjet\src\CMakeLists.txt" />
  </ItemGroup>
  <ItemGroup>
    <Filter Include="Source Files">
      <UniqueIdentifier>{7494ED14-100E-3711-BDF6-17BC638077D5}</UniqueIdentifier>
    </Filter>
    <Filter Include="Source Files\sha1">
      <UniqueIdentifier>{c199e975-f1a2-4e42-a24c-28173c2b6c23}</UniqueIdentifier>
    </Filter>
    <Filter Include="Source Files\json">
      <UniqueIdentifier>{fd06c464-81f7-4a89-a6f9-d260bb8175c8}</UniqueIdentifier>
    </Filter>
    <Filter Include="Source Files\http-parser">
      <UniqueIdentifier>{8ca6fd30-f3ce-4aa3-a9ab-7e343065dd7e}</UniqueIdentifier>
    </Filter>
    <Filter Include="Source Files\windows">
      <UniqueIdentifier>{6e8edbd5-5b17-48e3-93d7-541a45fc8151}</UniqueIdentifier>
    </Filter>
    <Filter Include="Source Files\windows\posix">
      <UniqueIdentifier>{5c569299-da56-4841-8bb6-e395c348da5f}</UniqueIdentifier>
    </Filter>
  </ItemGroup>
</Project>