<?xml version="1.0" encoding="UTF-8"?>
<Project ToolsVersion="14.0" xmlns="http://schemas.microsoft.com/developer/msbuild/2003">
  <ItemGroup>
    <CustomBuild Include="C:\Git\cjet\vstudio\CMakeFiles\8ac39ea358df3f9bce6b522739255d38\INSTALL_force.rule">
      <Filter>CMake Rules</Filter>
    </CustomBuild>
  </ItemGroup>
  <ItemGroup>
    <Filter Include="CMake Rules">
      <UniqueIdentifier>{4F056661-AC2F-3AF7-8AE6-FAF7EEEAFA05}</UniqueIdentifier>
    </Filter>
  </ItemGroup>
</Project>
